
Microsoft Visual Studio Solution File, Format Version 12.00
# Visual Studio Version 17
VisualStudioVersion = 17.14.36518.9
MinimumVisualStudioVersion = 10.0.40219.1
Project("{FAE04EC0-301F-11D3-BF4B-00C04F79EFBC}") = "LibreriaSemana12", "LibreriaSemana12.csproj", "{5979F1A1-14AF-42E8-9A96-E2BAFE6468DB}"
EndProject
Global
	GlobalSection(SolutionConfigurationPlatforms) = preSolution
		Debug|Any CPU = Debug|Any CPU
		Release|Any CPU = Release|Any CPU
	EndGlobalSection
	GlobalSection(ProjectConfigurationPlatforms) = postSolution
		{5979F1A1-14AF-42E8-9A96-E2BAFE6468DB}.Debug|Any CPU.ActiveCfg = Debug|Any CPU
		{5979F1A1-14AF-42E8-9A96-E2BAFE6468DB}.Debug|Any CPU.Build.0 = Debug|Any CPU
		{5979F1A1-14AF-42E8-9A96-E2BAFE6468DB}.Release|Any CPU.ActiveCfg = Release|Any CPU
		{5979F1A1-14AF-42E8-9A96-E2BAFE6468DB}.Release|Any CPU.Build.0 = Release|Any CPU
	EndGlobalSection
	GlobalSection(SolutionProperties) = preSolution
		HideSolutionNode = FALSE
	EndGlobalSection
	GlobalSection(ExtensibilityGlobals) = postSolution
		SolutionGuid = {1A7B0870-D196-4CEC-8F4D-D1BCE00C68E2}
	EndGlobalSection
EndGlobal
